
Microsoft Visual Studio Solution File, Format Version 12.00
Project("{FAE04EC0-301F-11D3-BF4B-00C04F79EFBC}") = "PureWebSocket.Server", "PureWebSocket.Server\PureWebSocket.Server.csproj", "{2338FD97-C77A-44B0-8BC1-9187BC89A7A7}"
EndProject
Project("{FAE04EC0-301F-11D3-BF4B-00C04F79EFBC}") = "PureWebSocket.Client", "PureWebSocket.Client\PureWebSocket.Client.csproj", "{681DE3B5-22CF-49D0-B2D8-5E8B7C906175}"
EndProject
Project("{FAE04EC0-301F-11D3-BF4B-00C04F79EFBC}") = "Common", "Common\Common.csproj", "{B4BE94F7-8938-4E40-B938-00CBD3AE4F60}"
EndProject
Project("{2150E333-8FDC-42A3-9474-1A3956D46DE8}") = "PureWebSocket", "PureWebSocket", "{A027318C-1201-4749-BC4A-1008949AD1E8}"
EndProject
Project("{2150E333-8FDC-42A3-9474-1A3956D46DE8}") = "Wcf", "Wcf", "{DF8BF217-0522-4D97-BDEE-58CFFC50F9F3}"
EndProject
Project("{FAE04EC0-301F-11D3-BF4B-00C04F79EFBC}") = "Wcf.WsClient", "Wcf.WsClient\Wcf.WsClient.csproj", "{B9703BE2-F906-459A-B1AB-ABBBA772D991}"
EndProject
Project("{FAE04EC0-301F-11D3-BF4B-00C04F79EFBC}") = "Wcf.Common", "Wcf.Common\Wcf.Common.csproj", "{311CFD60-AFD0-4188-94F0-E69FD4A121C3}"
EndProject
Project("{FAE04EC0-301F-11D3-BF4B-00C04F79EFBC}") = "Wcf.WsServer", "Wcf.WsServer\Wcf.WsServer.csproj", "{B2D7E26A-BAD8-4CFF-9830-D708857B362D}"
EndProject
Project("{FAE04EC0-301F-11D3-BF4B-00C04F79EFBC}") = "Wcf.PureWsServer", "Wcf.PureWsServer\Wcf.PureWsServer.csproj", "{9F6FB1C2-C713-4E23-ADDA-7723BA4E7C49}"
EndProject
Project("{FAE04EC0-301F-11D3-BF4B-00C04F79EFBC}") = "Wcf.CoreWcfWsServer", "Wcf.CoreWcfWsServer\Wcf.CoreWcfWsServer.csproj", "{E84CB8A4-D996-403A-BFDE-61235DA3A925}"
EndProject
Global
	GlobalSection(SolutionConfigurationPlatforms) = preSolution
		Debug|Any CPU = Debug|Any CPU
		Release|Any CPU = Release|Any CPU
	EndGlobalSection
	GlobalSection(ProjectConfigurationPlatforms) = postSolution
		{2338FD97-C77A-44B0-8BC1-9187BC89A7A7}.Debug|Any CPU.ActiveCfg = Debug|Any CPU
		{2338FD97-C77A-44B0-8BC1-9187BC89A7A7}.Debug|Any CPU.Build.0 = Debug|Any CPU
		{2338FD97-C77A-44B0-8BC1-9187BC89A7A7}.Release|Any CPU.ActiveCfg = Release|Any CPU
		{2338FD97-C77A-44B0-8BC1-9187BC89A7A7}.Release|Any CPU.Build.0 = Release|Any CPU
		{681DE3B5-22CF-49D0-B2D8-5E8B7C906175}.Debug|Any CPU.ActiveCfg = Debug|Any CPU
		{681DE3B5-22CF-49D0-B2D8-5E8B7C906175}.Debug|Any CPU.Build.0 = Debug|Any CPU
		{681DE3B5-22CF-49D0-B2D8-5E8B7C906175}.Release|Any CPU.ActiveCfg = Release|Any CPU
		{681DE3B5-22CF-49D0-B2D8-5E8B7C906175}.Release|Any CPU.Build.0 = Release|Any CPU
		{B4BE94F7-8938-4E40-B938-00CBD3AE4F60}.Debug|Any CPU.ActiveCfg = Debug|Any CPU
		{B4BE94F7-8938-4E40-B938-00CBD3AE4F60}.Debug|Any CPU.Build.0 = Debug|Any CPU
		{B4BE94F7-8938-4E40-B938-00CBD3AE4F60}.Release|Any CPU.ActiveCfg = Release|Any CPU
		{B4BE94F7-8938-4E40-B938-00CBD3AE4F60}.Release|Any CPU.Build.0 = Release|Any CPU
		{B9703BE2-F906-459A-B1AB-ABBBA772D991}.Debug|Any CPU.ActiveCfg = Debug|Any CPU
		{B9703BE2-F906-459A-B1AB-ABBBA772D991}.Debug|Any CPU.Build.0 = Debug|Any CPU
		{B9703BE2-F906-459A-B1AB-ABBBA772D991}.Release|Any CPU.ActiveCfg = Release|Any CPU
		{B9703BE2-F906-459A-B1AB-ABBBA772D991}.Release|Any CPU.Build.0 = Release|Any CPU
		{311CFD60-AFD0-4188-94F0-E69FD4A121C3}.Debug|Any CPU.ActiveCfg = Debug|Any CPU
		{311CFD60-AFD0-4188-94F0-E69FD4A121C3}.Debug|Any CPU.Build.0 = Debug|Any CPU
		{311CFD60-AFD0-4188-94F0-E69FD4A121C3}.Release|Any CPU.ActiveCfg = Release|Any CPU
		{311CFD60-AFD0-4188-94F0-E69FD4A121C3}.Release|Any CPU.Build.0 = Release|Any CPU
		{B2D7E26A-BAD8-4CFF-9830-D708857B362D}.Debug|Any CPU.ActiveCfg = Debug|Any CPU
		{B2D7E26A-BAD8-4CFF-9830-D708857B362D}.Debug|Any CPU.Build.0 = Debug|Any CPU
		{B2D7E26A-BAD8-4CFF-9830-D708857B362D}.Release|Any CPU.ActiveCfg = Release|Any CPU
		{B2D7E26A-BAD8-4CFF-9830-D708857B362D}.Release|Any CPU.Build.0 = Release|Any CPU
		{9F6FB1C2-C713-4E23-ADDA-7723BA4E7C49}.Debug|Any CPU.ActiveCfg = Debug|Any CPU
		{9F6FB1C2-C713-4E23-ADDA-7723BA4E7C49}.Debug|Any CPU.Build.0 = Debug|Any CPU
		{9F6FB1C2-C713-4E23-ADDA-7723BA4E7C49}.Release|Any CPU.ActiveCfg = Release|Any CPU
		{9F6FB1C2-C713-4E23-ADDA-7723BA4E7C49}.Release|Any CPU.Build.0 = Release|Any CPU
		{E84CB8A4-D996-403A-BFDE-61235DA3A925}.Debug|Any CPU.ActiveCfg = Debug|Any CPU
		{E84CB8A4-D996-403A-BFDE-61235DA3A925}.Debug|Any CPU.Build.0 = Debug|Any CPU
		{E84CB8A4-D996-403A-BFDE-61235DA3A925}.Release|Any CPU.ActiveCfg = Release|Any CPU
		{E84CB8A4-D996-403A-BFDE-61235DA3A925}.Release|Any CPU.Build.0 = Release|Any CPU
	EndGlobalSection
	GlobalSection(NestedProjects) = preSolution
		{681DE3B5-22CF-49D0-B2D8-5E8B7C906175} = {A027318C-1201-4749-BC4A-1008949AD1E8}
		{2338FD97-C77A-44B0-8BC1-9187BC89A7A7} = {A027318C-1201-4749-BC4A-1008949AD1E8}
		{B9703BE2-F906-459A-B1AB-ABBBA772D991} = {DF8BF217-0522-4D97-BDEE-58CFFC50F9F3}
		{311CFD60-AFD0-4188-94F0-E69FD4A121C3} = {DF8BF217-0522-4D97-BDEE-58CFFC50F9F3}
		{B2D7E26A-BAD8-4CFF-9830-D708857B362D} = {DF8BF217-0522-4D97-BDEE-58CFFC50F9F3}
		{9F6FB1C2-C713-4E23-ADDA-7723BA4E7C49} = {DF8BF217-0522-4D97-BDEE-58CFFC50F9F3}
		{E84CB8A4-D996-403A-BFDE-61235DA3A925} = {DF8BF217-0522-4D97-BDEE-58CFFC50F9F3}
	EndGlobalSection
EndGlobal
